
Microsoft Visual Studio Solution File, Format Version 12.00
# Visual Studio 15
VisualStudioVersion = 15.0.27703.2042
MinimumVisualStudioVersion = 10.0.40219.1
Project("{FAE04EC0-301F-11D3-BF4B-00C04F79EFBC}") = "GameProject", "GameProject\GameProject.csproj", "{1D979945-CD14-434E-BF05-917A73D36B89}"
EndProject
Global
	GlobalSection(SolutionConfigurationPlatforms) = preSolution
		Debug|Any CPU = Debug|Any CPU
		Release|Any CPU = Release|Any CPU
	EndGlobalSection
	GlobalSection(ProjectConfigurationPlatforms) = postSolution
		{1D979945-CD14-434E-BF05-917A73D36B89}.Debug|Any CPU.ActiveCfg = Debug|Any CPU
		{1D979945-CD14-434E-BF05-917A73D36B89}.Debug|Any CPU.Build.0 = Debug|Any CPU
		{1D979945-CD14-434E-BF05-917A73D36B89}.Release|Any CPU.ActiveCfg = Release|Any CPU
		{1D979945-CD14-434E-BF05-917A73D36B89}.Release|Any CPU.Build.0 = Release|Any CPU
	EndGlobalSection
	GlobalSection(SolutionProperties) = preSolution
		HideSolutionNode = FALSE
	EndGlobalSection
	GlobalSection(ExtensibilityGlobals) = postSolution
		SolutionGuid = {1C7DD2F0-3CCF-497C-8C86-A531AF7CAD92}
	EndGlobalSection
EndGlobal
